{
  "name": "@kobalab/majiang-ai",
  "version": "0.0.1",
  "lockfileVersion": 2,
  "requires": true,
  "packages": {
    "": {
      "name": "@kobalab/majiang-ai",
      "version": "0.0.1",
      "license": "MIT",
      "dependencies": {
        "@kobalab/majiang-core": "^0.0.5"
      }
    },
    "node_modules/@kobalab/majiang-core": {
      "version": "0.0.5",
      "resolved": "https://registry.npmjs.org/@kobalab/majiang-core/-/majiang-core-0.0.5.tgz",
      "integrity": "sha512-S8umTtHCv24QkLFZ3r3p8Ww3n3SfY2VZwV68kb3KVhfHSCaKaMEf/IgEZuMH0LWwl9+cQoYy3CmhJXiYfFB8Mg=="
    }
  },
  "dependencies": {
    "@kobalab/majiang-core": {
      "version": "0.0.5",
      "resolved": "https://registry.npmjs.org/@kobalab/majiang-core/-/majiang-core-0.0.5.tgz",
      "integrity": "sha512-S8umTtHCv24QkLFZ3r3p8Ww3n3SfY2VZwV68kb3KVhfHSCaKaMEf/IgEZuMH0LWwl9+cQoYy3CmhJXiYfFB8Mg=="
    }
  }
}
